
Microsoft Visual Studio Solution File, Format Version 12.00
# Visual Studio Version 16
VisualStudioVersion = 16.0.29409.12
MinimumVisualStudioVersion = 10.0.40219.1
Project("{FAE04EC0-301F-11D3-BF4B-00C04F79EFBC}") = "B4.PE3.VanLookManu.UWP", "B4.PE3.VanLookManu\B4.PE3.VanLookManu.UWP\B4.PE3.VanLookManu.UWP.csproj", "{62292DA6-A9CA-46D4-9C98-66572616ED50}"
EndProject
Project("{FAE04EC0-301F-11D3-BF4B-00C04F79EFBC}") = "B4.PE3.VanLookManu.Android", "B4.PE3.VanLookManu\B4.PE3.VanLookManu.Android\B4.PE3.VanLookManu.Android.csproj", "{A141B079-3712-4BDF-9F8F-B52D9EE0AFC2}"
EndProject
Project("{9A19103F-16F7-4668-BE54-9A1E7A4F7556}") = "B4.PE3.VanLookManu", "B4.PE3.VanLookManu\B4.PE3.VanLookManu\B4.PE3.VanLookManu.csproj", "{F6DDEA3A-4F70-4268-AB8B-582C3D05F58D}"
EndProject
Project("{FAE04EC0-301F-11D3-BF4B-00C04F79EFBC}") = "B4.PE3.VanLookManu.UnitTests", "B4.PE3.VanLookManu.UnitTests\B4.PE3.VanLookManu.UnitTests.csproj", "{406EB632-C2AD-4A06-A69C-A578A01439B2}"
EndProject
Global
	GlobalSection(SolutionConfigurationPlatforms) = preSolution
		Debug|Any CPU = Debug|Any CPU
		Debug|ARM = Debug|ARM
		Debug|x64 = Debug|x64
		Debug|x86 = Debug|x86
		Release|Any CPU = Release|Any CPU
		Release|ARM = Release|ARM
		Release|x64 = Release|x64
		Release|x86 = Release|x86
	EndGlobalSection
	GlobalSection(ProjectConfigurationPlatforms) = postSolution
		{62292DA6-A9CA-46D4-9C98-66572616ED50}.Debug|Any CPU.ActiveCfg = Debug|x86
		{62292DA6-A9CA-46D4-9C98-66572616ED50}.Debug|Any CPU.Build.0 = Debug|x86
		{62292DA6-A9CA-46D4-9C98-66572616ED50}.Debug|Any CPU.Deploy.0 = Debug|x86
		{62292DA6-A9CA-46D4-9C98-66572616ED50}.Debug|ARM.ActiveCfg = Debug|ARM
		{62292DA6-A9CA-46D4-9C98-66572616ED50}.Debug|ARM.Build.0 = Debug|ARM
		{62292DA6-A9CA-46D4-9C98-66572616ED50}.Debug|ARM.Deploy.0 = Debug|ARM
		{62292DA6-A9CA-46D4-9C98-66572616ED50}.Debug|x64.ActiveCfg = Debug|x64
		{62292DA6-A9CA-46D4-9C98-66572616ED50}.Debug|x64.Build.0 = Debug|x64
		{62292DA6-A9CA-46D4-9C98-66572616ED50}.Debug|x64.Deploy.0 = Debug|x64
		{62292DA6-A9CA-46D4-9C98-66572616ED50}.Debug|x86.ActiveCfg = Debug|x86
		{62292DA6-A9CA-46D4-9C98-66572616ED50}.Debug|x86.Build.0 = Debug|x86
		{62292DA6-A9CA-46D4-9C98-66572616ED50}.Debug|x86.Deploy.0 = Debug|x86
		{62292DA6-A9CA-46D4-9C98-66572616ED50}.Release|Any CPU.ActiveCfg = Release|x86
		{62292DA6-A9CA-46D4-9C98-66572616ED50}.Release|Any CPU.Build.0 = Release|x86
		{62292DA6-A9CA-46D4-9C98-66572616ED50}.Release|Any CPU.Deploy.0 = Release|x86
		{62292DA6-A9CA-46D4-9C98-66572616ED50}.Release|ARM.ActiveCfg = Release|ARM
		{62292DA6-A9CA-46D4-9C98-66572616ED50}.Release|ARM.Build.0 = Release|ARM
		{62292DA6-A9CA-46D4-9C98-66572616ED50}.Release|ARM.Deploy.0 = Release|ARM
		{62292DA6-A9CA-46D4-9C98-66572616ED50}.Release|x64.ActiveCfg = Release|x64
		{62292DA6-A9CA-46D4-9C98-66572616ED50}.Release|x64.Build.0 = Release|x64
		{62292DA6-A9CA-46D4-9C98-66572616ED50}.Release|x64.Deploy.0 = Release|x64
		{62292DA6-A9CA-46D4-9C98-66572616ED50}.Release|x86.ActiveCfg = Release|x86
		{62292DA6-A9CA-46D4-9C98-66572616ED50}.Release|x86.Build.0 = Release|x86
		{62292DA6-A9CA-46D4-9C98-66572616ED50}.Release|x86.Deploy.0 = Release|x86
		{A141B079-3712-4BDF-9F8F-B52D9EE0AFC2}.Debug|Any CPU.ActiveCfg = Debug|Any CPU
		{A141B079-3712-4BDF-9F8F-B52D9EE0AFC2}.Debug|Any CPU.Build.0 = Debug|Any CPU
		{A141B079-3712-4BDF-9F8F-B52D9EE0AFC2}.Debug|Any CPU.Deploy.0 = Debug|Any CPU
		{A141B079-3712-4BDF-9F8F-B52D9EE0AFC2}.Debug|ARM.ActiveCfg = Debug|Any CPU
		{A141B079-3712-4BDF-9F8F-B52D9EE0AFC2}.Debug|ARM.Build.0 = Debug|Any CPU
		{A141B079-3712-4BDF-9F8F-B52D9EE0AFC2}.Debug|ARM.Deploy.0 = Debug|Any CPU
		{A141B079-3712-4BDF-9F8F-B52D9EE0AFC2}.Debug|x64.ActiveCfg = Debug|Any CPU
		{A141B079-3712-4BDF-9F8F-B52D9EE0AFC2}.Debug|x64.Build.0 = Debug|Any CPU
		{A141B079-3712-4BDF-9F8F-B52D9EE0AFC2}.Debug|x64.Deploy.0 = Debug|Any CPU
		{A141B079-3712-4BDF-9F8F-B52D9EE0AFC2}.Debug|x86.ActiveCfg = Debug|Any CPU
		{A141B079-3712-4BDF-9F8F-B52D9EE0AFC2}.Debug|x86.Build.0 = Debug|Any CPU
		{A141B079-3712-4BDF-9F8F-B52D9EE0AFC2}.Debug|x86.Deploy.0 = Debug|Any CPU
		{A141B079-3712-4BDF-9F8F-B52D9EE0AFC2}.Release|Any CPU.ActiveCfg = Release|Any CPU
		{A141B079-3712-4BDF-9F8F-B52D9EE0AFC2}.Release|Any CPU.Build.0 = Release|Any CPU
		{A141B079-3712-4BDF-9F8F-B52D9EE0AFC2}.Release|Any CPU.Deploy.0 = Release|Any CPU
		{A141B079-3712-4BDF-9F8F-B52D9EE0AFC2}.Release|ARM.ActiveCfg = Release|Any CPU
		{A141B079-3712-4BDF-9F8F-B52D9EE0AFC2}.Release|ARM.Build.0 = Release|Any CPU
		{A141B079-3712-4BDF-9F8F-B52D9EE0AFC2}.Release|ARM.Deploy.0 = Release|Any CPU
		{A141B079-3712-4BDF-9F8F-B52D9EE0AFC2}.Release|x64.ActiveCfg = Release|Any CPU
		{A141B079-3712-4BDF-9F8F-B52D9EE0AFC2}.Release|x64.Build.0 = Release|Any CPU
		{A141B079-3712-4BDF-9F8F-B52D9EE0AFC2}.Release|x64.Deploy.0 = Release|Any CPU
		{A141B079-3712-4BDF-9F8F-B52D9EE0AFC2}.Release|x86.ActiveCfg = Release|Any CPU
		{A141B079-3712-4BDF-9F8F-B52D9EE0AFC2}.Release|x86.Build.0 = Release|Any CPU
		{A141B079-3712-4BDF-9F8F-B52D9EE0AFC2}.Release|x86.Deploy.0 = Release|Any CPU
		{F6DDEA3A-4F70-4268-AB8B-582C3D05F58D}.Debug|Any CPU.ActiveCfg = Debug|Any CPU
		{F6DDEA3A-4F70-4268-AB8B-582C3D05F58D}.Debug|Any CPU.Build.0 = Debug|Any CPU
		{F6DDEA3A-4F70-4268-AB8B-582C3D05F58D}.Debug|Any CPU.Deploy.0 = Debug|Any CPU
		{F6DDEA3A-4F70-4268-AB8B-582C3D05F58D}.Debug|ARM.ActiveCfg = Debug|Any CPU
		{F6DDEA3A-4F70-4268-AB8B-582C3D05F58D}.Debug|ARM.Build.0 = Debug|Any CPU
		{F6DDEA3A-4F70-4268-AB8B-582C3D05F58D}.Debug|ARM.Deploy.0 = Debug|Any CPU
		{F6DDEA3A-4F70-4268-AB8B-582C3D05F58D}.Debug|x64.ActiveCfg = Debug|Any CPU
		{F6DDEA3A-4F70-4268-AB8B-582C3D05F58D}.Debug|x64.Build.0 = Debug|Any CPU
		{F6DDEA3A-4F70-4268-AB8B-582C3D05F58D}.Debug|x64.Deploy.0 = Debug|Any CPU
		{F6DDEA3A-4F70-4268-AB8B-582C3D05F58D}.Debug|x86.ActiveCfg = Debug|Any CPU
		{F6DDEA3A-4F70-4268-AB8B-582C3D05F58D}.Debug|x86.Build.0 = Debug|Any CPU
		{F6DDEA3A-4F70-4268-AB8B-582C3D05F58D}.Debug|x86.Deploy.0 = Debug|Any CPU
		{F6DDEA3A-4F70-4268-AB8B-582C3D05F58D}.Release|Any CPU.ActiveCfg = Release|Any CPU
		{F6DDEA3A-4F70-4268-AB8B-582C3D05F58D}.Release|Any CPU.Build.0 = Release|Any CPU
		{F6DDEA3A-4F70-4268-AB8B-582C3D05F58D}.Release|Any CPU.Deploy.0 = Release|Any CPU
		{F6DDEA3A-4F70-4268-AB8B-582C3D05F58D}.Release|ARM.ActiveCfg = Release|Any CPU
		{F6DDEA3A-4F70-4268-AB8B-582C3D05F58D}.Release|ARM.Build.0 = Release|Any CPU
		{F6DDEA3A-4F70-4268-AB8B-582C3D05F58D}.Release|ARM.Deploy.0 = Release|Any CPU
		{F6DDEA3A-4F70-4268-AB8B-582C3D05F58D}.Release|x64.ActiveCfg = Release|Any CPU
		{F6DDEA3A-4F70-4268-AB8B-582C3D05F58D}.Release|x64.Build.0 = Release|Any CPU
		{F6DDEA3A-4F70-4268-AB8B-582C3D05F58D}.Release|x64.Deploy.0 = Release|Any CPU
		{F6DDEA3A-4F70-4268-AB8B-582C3D05F58D}.Release|x86.ActiveCfg = Release|Any CPU
		{F6DDEA3A-4F70-4268-AB8B-582C3D05F58D}.Release|x86.Build.0 = Release|Any CPU
		{F6DDEA3A-4F70-4268-AB8B-582C3D05F58D}.Release|x86.Deploy.0 = Release|Any CPU
		{406EB632-C2AD-4A06-A69C-A578A01439B2}.Debug|Any CPU.ActiveCfg = Debug|Any CPU
		{406EB632-C2AD-4A06-A69C-A578A01439B2}.Debug|Any CPU.Build.0 = Debug|Any CPU
		{406EB632-C2AD-4A06-A69C-A578A01439B2}.Debug|ARM.ActiveCfg = Debug|Any CPU
		{406EB632-C2AD-4A06-A69C-A578A01439B2}.Debug|ARM.Build.0 = Debug|Any CPU
		{406EB632-C2AD-4A06-A69C-A578A01439B2}.Debug|x64.ActiveCfg = Debug|Any CPU
		{406EB632-C2AD-4A06-A69C-A578A01439B2}.Debug|x64.Build.0 = Debug|Any CPU
		{406EB632-C2AD-4A06-A69C-A578A01439B2}.Debug|x86.ActiveCfg = Debug|Any CPU
		{406EB632-C2AD-4A06-A69C-A578A01439B2}.Debug|x86.Build.0 = Debug|Any CPU
		{406EB632-C2AD-4A06-A69C-A578A01439B2}.Release|Any CPU.ActiveCfg = Release|Any CPU
		{406EB632-C2AD-4A06-A69C-A578A01439B2}.Release|Any CPU.Build.0 = Release|Any CPU
		{406EB632-C2AD-4A06-A69C-A578A01439B2}.Release|ARM.ActiveCfg = Release|Any CPU
		{406EB632-C2AD-4A06-A69C-A578A01439B2}.Release|ARM.Build.0 = Release|Any CPU
		{406EB632-C2AD-4A06-A69C-A578A01439B2}.Release|x64.ActiveCfg = Release|Any CPU
		{406EB632-C2AD-4A06-A69C-A578A01439B2}.Release|x64.Build.0 = Release|Any CPU
		{406EB632-C2AD-4A06-A69C-A578A01439B2}.Release|x86.ActiveCfg = Release|Any CPU
		{406EB632-C2AD-4A06-A69C-A578A01439B2}.Release|x86.Build.0 = Release|Any CPU
	EndGlobalSection
	GlobalSection(SolutionProperties) = preSolution
		HideSolutionNode = FALSE
	EndGlobalSection
	GlobalSection(ExtensibilityGlobals) = postSolution
		SolutionGuid = {05509C7D-29E2-4A52-81CC-229D5075D927}
	EndGlobalSection
EndGlobal
